
Microsoft Visual Studio Solution File, Format Version 12.00
# Visual Studio 15
Project("{FAE04EC0-301F-11D3-BF4B-00C04F79EFBC}") = "SteamVR", "SteamVR.csproj", "{C687AE58-4FAE-DB75-959B-3EE42C2D5871}"
EndProject
Project("{FAE04EC0-301F-11D3-BF4B-00C04F79EFBC}") = "SteamVR_Actions", "SteamVR_Actions.csproj", "{7ECF1DAF-9D33-3E1E-066B-8580233235A4}"
EndProject
Project("{FAE04EC0-301F-11D3-BF4B-00C04F79EFBC}") = "Assembly-CSharp", "Assembly-CSharp.csproj", "{B95D9994-F901-B0D1-6860-57ADA4975334}"
EndProject
Project("{FAE04EC0-301F-11D3-BF4B-00C04F79EFBC}") = "SteamVR_Editor", "SteamVR_Editor.csproj", "{813BFD37-0F00-420F-3288-243497DDD945}"
EndProject
Project("{FAE04EC0-301F-11D3-BF4B-00C04F79EFBC}") = "SteamVR_Input_Editor", "SteamVR_Input_Editor.csproj", "{B68ADBC8-6141-107F-2F78-AE8AD8F2D4EA}"
EndProject
Project("{FAE04EC0-301F-11D3-BF4B-00C04F79EFBC}") = "SteamVR_Windows_EditorHelper", "SteamVR_Windows_EditorHelper.csproj", "{E963B269-77DA-0248-05E6-78394672CFF9}"
EndProject
Global
	GlobalSection(SolutionConfigurationPlatforms) = preSolution
		Debug|Any CPU = Debug|Any CPU
		Release|Any CPU = Release|Any CPU
	EndGlobalSection
	GlobalSection(ProjectConfigurationPlatforms) = postSolution
		{C687AE58-4FAE-DB75-959B-3EE42C2D5871}.Debug|Any CPU.ActiveCfg = Debug|Any CPU
		{C687AE58-4FAE-DB75-959B-3EE42C2D5871}.Debug|Any CPU.Build.0 = Debug|Any CPU
		{C687AE58-4FAE-DB75-959B-3EE42C2D5871}.Release|Any CPU.ActiveCfg = Release|Any CPU
		{C687AE58-4FAE-DB75-959B-3EE42C2D5871}.Release|Any CPU.Build.0 = Release|Any CPU
		{7ECF1DAF-9D33-3E1E-066B-8580233235A4}.Debug|Any CPU.ActiveCfg = Debug|Any CPU
		{7ECF1DAF-9D33-3E1E-066B-8580233235A4}.Debug|Any CPU.Build.0 = Debug|Any CPU
		{7ECF1DAF-9D33-3E1E-066B-8580233235A4}.Release|Any CPU.ActiveCfg = Release|Any CPU
		{7ECF1DAF-9D33-3E1E-066B-8580233235A4}.Release|Any CPU.Build.0 = Release|Any CPU
		{B95D9994-F901-B0D1-6860-57ADA4975334}.Debug|Any CPU.ActiveCfg = Debug|Any CPU
		{B95D9994-F901-B0D1-6860-57ADA4975334}.Debug|Any CPU.Build.0 = Debug|Any CPU
		{B95D9994-F901-B0D1-6860-57ADA4975334}.Release|Any CPU.ActiveCfg = Release|Any CPU
		{B95D9994-F901-B0D1-6860-57ADA4975334}.Release|Any CPU.Build.0 = Release|Any CPU
		{813BFD37-0F00-420F-3288-243497DDD945}.Debug|Any CPU.ActiveCfg = Debug|Any CPU
		{813BFD37-0F00-420F-3288-243497DDD945}.Debug|Any CPU.Build.0 = Debug|Any CPU
		{813BFD37-0F00-420F-3288-243497DDD945}.Release|Any CPU.ActiveCfg = Release|Any CPU
		{813BFD37-0F00-420F-3288-243497DDD945}.Release|Any CPU.Build.0 = Release|Any CPU
		{B68ADBC8-6141-107F-2F78-AE8AD8F2D4EA}.Debug|Any CPU.ActiveCfg = Debug|Any CPU
		{B68ADBC8-6141-107F-2F78-AE8AD8F2D4EA}.Debug|Any CPU.Build.0 = Debug|Any CPU
		{B68ADBC8-6141-107F-2F78-AE8AD8F2D4EA}.Release|Any CPU.ActiveCfg = Release|Any CPU
		{B68ADBC8-6141-107F-2F78-AE8AD8F2D4EA}.Release|Any CPU.Build.0 = Release|Any CPU
		{E963B269-77DA-0248-05E6-78394672CFF9}.Debug|Any CPU.ActiveCfg = Debug|Any CPU
		{E963B269-77DA-0248-05E6-78394672CFF9}.Debug|Any CPU.Build.0 = Debug|Any CPU
		{E963B269-77DA-0248-05E6-78394672CFF9}.Release|Any CPU.ActiveCfg = Release|Any CPU
		{E963B269-77DA-0248-05E6-78394672CFF9}.Release|Any CPU.Build.0 = Release|Any CPU
	EndGlobalSection
	GlobalSection(SolutionProperties) = preSolution
		HideSolutionNode = FALSE
	EndGlobalSection
EndGlobal
